
Microsoft Visual Studio Solution File, Format Version 12.00
# Visual Studio 15
VisualStudioVersion = 15.0.28010.2026
MinimumVisualStudioVersion = 10.0.40219.1
Project("{FAE04EC0-301F-11D3-BF4B-00C04F79EFBC}") = "Wheels_Management", "Wheels_Management\Wheels_Management.csproj", "{B042D5F4-77F9-42B1-AB31-F676624F9118}"
EndProject
Global
	GlobalSection(SolutionConfigurationPlatforms) = preSolution
		Debug|Any CPU = Debug|Any CPU
		Release|Any CPU = Release|Any CPU
	EndGlobalSection
	GlobalSection(ProjectConfigurationPlatforms) = postSolution
		{B042D5F4-77F9-42B1-AB31-F676624F9118}.Debug|Any CPU.ActiveCfg = Debug|Any CPU
		{B042D5F4-77F9-42B1-AB31-F676624F9118}.Debug|Any CPU.Build.0 = Debug|Any CPU
		{B042D5F4-77F9-42B1-AB31-F676624F9118}.Release|Any CPU.ActiveCfg = Release|Any CPU
		{B042D5F4-77F9-42B1-AB31-F676624F9118}.Release|Any CPU.Build.0 = Release|Any CPU
	EndGlobalSection
	GlobalSection(SolutionProperties) = preSolution
		HideSolutionNode = FALSE
	EndGlobalSection
	GlobalSection(ExtensibilityGlobals) = postSolution
		SolutionGuid = {F7D6BBEC-9C77-4028-A03A-676118CBE48A}
	EndGlobalSection
EndGlobal
